
Microsoft Visual Studio Solution File, Format Version 12.00
# Visual Studio Version 16
VisualStudioVersion = 16.0.29306.81
MinimumVisualStudioVersion = 10.0.40219.1
Project("{FAE04EC0-301F-11D3-BF4B-00C04F79EFBC}") = "Criptografia", "Criptografia\Criptografia.csproj", "{876427E1-9E72-4AB4-A792-6C7CB69099B8}"
EndProject
Global
	GlobalSection(SolutionConfigurationPlatforms) = preSolution
		Debug|Any CPU = Debug|Any CPU
		Release|Any CPU = Release|Any CPU
	EndGlobalSection
	GlobalSection(ProjectConfigurationPlatforms) = postSolution
		{876427E1-9E72-4AB4-A792-6C7CB69099B8}.Debug|Any CPU.ActiveCfg = Debug|Any CPU
		{876427E1-9E72-4AB4-A792-6C7CB69099B8}.Debug|Any CPU.Build.0 = Debug|Any CPU
		{876427E1-9E72-4AB4-A792-6C7CB69099B8}.Release|Any CPU.ActiveCfg = Release|Any CPU
		{876427E1-9E72-4AB4-A792-6C7CB69099B8}.Release|Any CPU.Build.0 = Release|Any CPU
	EndGlobalSection
	GlobalSection(SolutionProperties) = preSolution
		HideSolutionNode = FALSE
	EndGlobalSection
	GlobalSection(ExtensibilityGlobals) = postSolution
		SolutionGuid = {B305869B-E998-4D5F-830F-C8C90298B386}
	EndGlobalSection
EndGlobal
